PODS:
  - ReadabilityKit (0.7.0)

DEPENDENCIES:
  - ReadabilityKit (from `https://github.com/exyte/ReadabilityKit.git`)

EXTERNAL SOURCES:
  ReadabilityKit:
    :git: https://github.com/exyte/ReadabilityKit.git

CHECKOUT OPTIONS:
  ReadabilityKit:
    :commit: 660f4f44cbf829115a27525da638a42e567814a6
    :git: https://github.com/exyte/ReadabilityKit.git

SPEC CHECKSUMS:
  ReadabilityKit: 49ca24ebdf9033d648943665f1d30af9ea2a585e

PODFILE CHECKSUM: 93a0f264556d98dc89db76d2bc35d4a91faa4a83

COCOAPODS: 1.1.1
