PODS:
  - Ji (2.0.1):
    - Ji/Ji (= 2.0.1)
  - Ji/Ji (2.0.1):
    - Ji/Ji-libxml
  - Ji/Ji-libxml (2.0.1)
  - ReadabilityKit (0.6.0):
    - Ji (~> 2.0.1)

DEPENDENCIES:
  - ReadabilityKit (from `../`)

EXTERNAL SOURCES:
  ReadabilityKit:
    :path: "../"

SPEC CHECKSUMS:
  Ji: 6bb602a28dd08b804158f64990e6051ed5de0110
  ReadabilityKit: 2627da6e7579f83ecf93e8f47ddb33d93817c81a

PODFILE CHECKSUM: 8a8bc56d87b8f358a9181608271da4e80f5b2fe3

COCOAPODS: 1.1.1
