PODS:
  - ReadabilityKit (0.7.0)

DEPENDENCIES:
  - ReadabilityKit (from `https://github.com/exyte/ReadabilityKit.git`)

EXTERNAL SOURCES:
  ReadabilityKit:
    :git: https://github.com/exyte/ReadabilityKit.git

CHECKOUT OPTIONS:
  ReadabilityKit:
    :commit: 2f6b6c90d79e08ff85027ccf39504fd298fa3cf0
    :git: https://github.com/exyte/ReadabilityKit.git

SPEC CHECKSUMS:
  ReadabilityKit: b1d549547cf21f26e96d3c00f17b78c597cca4b0

PODFILE CHECKSUM: 49ac5430d238ce851bd302b4f32984ae1e72582c

COCOAPODS: 1.1.1
