PODS:
  - Ji (5.0.0)
  - ReadabilityKit (0.7.3):
    - Ji (= 5.0.0)

DEPENDENCIES:
  - ReadabilityKit (from `../`)

SPEC REPOS:
  https://github.com/cocoapods/specs.git:
    - Ji

EXTERNAL SOURCES:
  ReadabilityKit:
    :path: "../"

SPEC CHECKSUMS:
  Ji: d795fed288fe78658b404c88946d753b17d8d7f4
  ReadabilityKit: 8c2885beb8e5550cf0d365689897568228de41c9

PODFILE CHECKSUM: 0861b118dbbcffe4457ca84762a175080c853fe3

COCOAPODS: 1.7.2
