PODS:
  - Ji (5.0.0)
  - ReadabilityKit (0.7.3):
    - Ji (= 5.0.0)

DEPENDENCIES:
  - ReadabilityKit (from `../`)

SPEC REPOS:
  trunk:
    - Ji

EXTERNAL SOURCES:
  ReadabilityKit:
    :path: "../"

SPEC CHECKSUMS:
  Ji: d795fed288fe78658b404c88946d753b17d8d7f4
  ReadabilityKit: 40f4e3d038e01de49ec9ff616cfbd9be3d4b63bd

PODFILE CHECKSUM: 0861b118dbbcffe4457ca84762a175080c853fe3

COCOAPODS: 1.8.4
